
Microsoft Visual Studio Solution File, Format Version 12.00
# Visual Studio 15
VisualStudioVersion = 15.0.28307.1622
MinimumVisualStudioVersion = 10.0.40219.1
Project("{FAE04EC0-301F-11D3-BF4B-00C04F79EFBC}") = "HotelManagementBoostrap4", "HotelManagementBoostrap4\HotelManagementBoostrap4.csproj", "{031031EB-08DE-4180-BD13-4E0FDF121CFA}"
EndProject
Global
	GlobalSection(SolutionConfigurationPlatforms) = preSolution
		Debug|Any CPU = Debug|Any CPU
		Release|Any CPU = Release|Any CPU
	EndGlobalSection
	GlobalSection(ProjectConfigurationPlatforms) = postSolution
		{031031EB-08DE-4180-BD13-4E0FDF121CFA}.Debug|Any CPU.ActiveCfg = Debug|Any CPU
		{031031EB-08DE-4180-BD13-4E0FDF121CFA}.Debug|Any CPU.Build.0 = Debug|Any CPU
		{031031EB-08DE-4180-BD13-4E0FDF121CFA}.Release|Any CPU.ActiveCfg = Release|Any CPU
		{031031EB-08DE-4180-BD13-4E0FDF121CFA}.Release|Any CPU.Build.0 = Release|Any CPU
	EndGlobalSection
	GlobalSection(SolutionProperties) = preSolution
		HideSolutionNode = FALSE
	EndGlobalSection
	GlobalSection(ExtensibilityGlobals) = postSolution
		SolutionGuid = {EC943524-7890-4F98-8ECF-D2C5CFF51E81}
	EndGlobalSection
EndGlobal
